
Microsoft Visual Studio Solution File, Format Version 12.00
# Visual Studio Version 17
VisualStudioVersion = 17.11.35327.3
MinimumVisualStudioVersion = 10.0.40219.1
Project("{9A19103F-16F7-4668-BE54-9A1E7A4F7556}") = "LINQDOC", "LINQDOC\LINQDOC.csproj", "{D7E4D896-8C12-42A5-B178-8BCBE740730F}"
EndProject
Project("{FAE04EC0-301F-11D3-BF4B-00C04F79EFBC}") = "Module1", "Module1\Module1.csproj", "{8963D7A0-4960-4CFA-890A-7F9035D86353}"
EndProject
Project("{FAE04EC0-301F-11D3-BF4B-00C04F79EFBC}") = "DataAccessADO", "DataAccessADO\DataAccessADO.csproj", "{6901FCC9-FDD8-405E-9E1A-CBB78645C118}"
EndProject
Project("{FAE04EC0-301F-11D3-BF4B-00C04F79EFBC}") = "LINQSub", "LINQSub\LINQSub.csproj", "{37112A41-FC2E-4377-B6F2-D4E77665F253}"
EndProject
Project("{FAE04EC0-301F-11D3-BF4B-00C04F79EFBC}") = "EFCore", "EFCore\EFCore.csproj", "{5BF74553-ACD3-4048-8736-DA783AC615B3}"
EndProject
Project("{FAE04EC0-301F-11D3-BF4B-00C04F79EFBC}") = "WebAPICRUD", "WebAPICRUD\WebAPICRUD.csproj", "{AC59A458-6DA6-4229-85B3-082B330F9A55}"
EndProject
Project("{FAE04EC0-301F-11D3-BF4B-00C04F79EFBC}") = "SortingAlgos", "SortingAlgos\SortingAlgos.csproj", "{80A52787-7C8A-49EB-93C7-8B869ADB1CF3}"
EndProject
Project("{FAE04EC0-301F-11D3-BF4B-00C04F79EFBC}") = "SearchGraphs", "SearchGraphs\SearchGraphs.csproj", "{AA34B913-C8DC-450A-A350-CC02667B5BB2}"
EndProject
Global
	GlobalSection(SolutionConfigurationPlatforms) = preSolution
		Debug|Any CPU = Debug|Any CPU
		Release|Any CPU = Release|Any CPU
	EndGlobalSection
	GlobalSection(ProjectConfigurationPlatforms) = postSolution
		{D7E4D896-8C12-42A5-B178-8BCBE740730F}.Debug|Any CPU.ActiveCfg = Debug|Any CPU
		{D7E4D896-8C12-42A5-B178-8BCBE740730F}.Debug|Any CPU.Build.0 = Debug|Any CPU
		{D7E4D896-8C12-42A5-B178-8BCBE740730F}.Release|Any CPU.ActiveCfg = Release|Any CPU
		{D7E4D896-8C12-42A5-B178-8BCBE740730F}.Release|Any CPU.Build.0 = Release|Any CPU
		{8963D7A0-4960-4CFA-890A-7F9035D86353}.Debug|Any CPU.ActiveCfg = Debug|Any CPU
		{8963D7A0-4960-4CFA-890A-7F9035D86353}.Debug|Any CPU.Build.0 = Debug|Any CPU
		{8963D7A0-4960-4CFA-890A-7F9035D86353}.Release|Any CPU.ActiveCfg = Release|Any CPU
		{8963D7A0-4960-4CFA-890A-7F9035D86353}.Release|Any CPU.Build.0 = Release|Any CPU
		{6901FCC9-FDD8-405E-9E1A-CBB78645C118}.Debug|Any CPU.ActiveCfg = Debug|Any CPU
		{6901FCC9-FDD8-405E-9E1A-CBB78645C118}.Debug|Any CPU.Build.0 = Debug|Any CPU
		{6901FCC9-FDD8-405E-9E1A-CBB78645C118}.Release|Any CPU.ActiveCfg = Release|Any CPU
		{6901FCC9-FDD8-405E-9E1A-CBB78645C118}.Release|Any CPU.Build.0 = Release|Any CPU
		{37112A41-FC2E-4377-B6F2-D4E77665F253}.Debug|Any CPU.ActiveCfg = Debug|Any CPU
		{37112A41-FC2E-4377-B6F2-D4E77665F253}.Debug|Any CPU.Build.0 = Debug|Any CPU
		{37112A41-FC2E-4377-B6F2-D4E77665F253}.Release|Any CPU.ActiveCfg = Release|Any CPU
		{37112A41-FC2E-4377-B6F2-D4E77665F253}.Release|Any CPU.Build.0 = Release|Any CPU
		{5BF74553-ACD3-4048-8736-DA783AC615B3}.Debug|Any CPU.ActiveCfg = Debug|Any CPU
		{5BF74553-ACD3-4048-8736-DA783AC615B3}.Debug|Any CPU.Build.0 = Debug|Any CPU
		{5BF74553-ACD3-4048-8736-DA783AC615B3}.Release|Any CPU.ActiveCfg = Release|Any CPU
		{5BF74553-ACD3-4048-8736-DA783AC615B3}.Release|Any CPU.Build.0 = Release|Any CPU
		{AC59A458-6DA6-4229-85B3-082B330F9A55}.Debug|Any CPU.ActiveCfg = Debug|Any CPU
		{AC59A458-6DA6-4229-85B3-082B330F9A55}.Debug|Any CPU.Build.0 = Debug|Any CPU
		{AC59A458-6DA6-4229-85B3-082B330F9A55}.Release|Any CPU.ActiveCfg = Release|Any CPU
		{AC59A458-6DA6-4229-85B3-082B330F9A55}.Release|Any CPU.Build.0 = Release|Any CPU
		{80A52787-7C8A-49EB-93C7-8B869ADB1CF3}.Debug|Any CPU.ActiveCfg = Debug|Any CPU
		{80A52787-7C8A-49EB-93C7-8B869ADB1CF3}.Debug|Any CPU.Build.0 = Debug|Any CPU
		{80A52787-7C8A-49EB-93C7-8B869ADB1CF3}.Release|Any CPU.ActiveCfg = Release|Any CPU
		{80A52787-7C8A-49EB-93C7-8B869ADB1CF3}.Release|Any CPU.Build.0 = Release|Any CPU
		{AA34B913-C8DC-450A-A350-CC02667B5BB2}.Debug|Any CPU.ActiveCfg = Debug|Any CPU
		{AA34B913-C8DC-450A-A350-CC02667B5BB2}.Debug|Any CPU.Build.0 = Debug|Any CPU
		{AA34B913-C8DC-450A-A350-CC02667B5BB2}.Release|Any CPU.ActiveCfg = Release|Any CPU
		{AA34B913-C8DC-450A-A350-CC02667B5BB2}.Release|Any CPU.Build.0 = Release|Any CPU
	EndGlobalSection
	GlobalSection(SolutionProperties) = preSolution
		HideSolutionNode = FALSE
	EndGlobalSection
	GlobalSection(ExtensibilityGlobals) = postSolution
		SolutionGuid = {D446996F-2FF6-4A3C-97CB-EB5AEEC92A30}
	EndGlobalSection
EndGlobal
